
Microsoft Visual Studio Solution File, Format Version 12.00
# Visual Studio 15
VisualStudioVersion = 15.0.28010.2026
MinimumVisualStudioVersion = 10.0.40219.1
Project("{FAE04EC0-301F-11D3-BF4B-00C04F79EFBC}") = "Практика 7", "Практика 7\Практика 7.csproj", "{11DA0EF9-CF3D-4D42-A2EF-7A6F0473787D}"
EndProject
Global
	GlobalSection(SolutionConfigurationPlatforms) = preSolution
		Debug|Any CPU = Debug|Any CPU
		Release|Any CPU = Release|Any CPU
	EndGlobalSection
	GlobalSection(ProjectConfigurationPlatforms) = postSolution
		{11DA0EF9-CF3D-4D42-A2EF-7A6F0473787D}.Debug|Any CPU.ActiveCfg = Debug|Any CPU
		{11DA0EF9-CF3D-4D42-A2EF-7A6F0473787D}.Debug|Any CPU.Build.0 = Debug|Any CPU
		{11DA0EF9-CF3D-4D42-A2EF-7A6F0473787D}.Release|Any CPU.ActiveCfg = Release|Any CPU
		{11DA0EF9-CF3D-4D42-A2EF-7A6F0473787D}.Release|Any CPU.Build.0 = Release|Any CPU
	EndGlobalSection
	GlobalSection(SolutionProperties) = preSolution
		HideSolutionNode = FALSE
	EndGlobalSection
	GlobalSection(ExtensibilityGlobals) = postSolution
		SolutionGuid = {32E4F1F2-EEE5-494C-95F9-EBE839459564}
	EndGlobalSection
EndGlobal
